// !$*UTF8*$!
{
	archiveVersion = 1;
	classes = {
	};
	objectVersion = 56;
	objects = {

/* Begin PBXBuildFile section */
		180E8C9D2A0DF8A4000F11AC /* WatchAppApp.swift in Sources */ = {isa = PBXBuildFile; fileRef = 180E8C9C2A0DF8A4000F11AC /* WatchAppApp.swift */; };
		180E8CA12A0DF8A5000F11AC /* Assets.xcassets in Resources */ = {isa = PBXBuildFile; fileRef = 180E8CA02A0DF8A5000F11AC /* Assets.xcassets */; };
		180E8CA42A0DF8A5000F11AC /* Preview Assets.xcassets in Resources */ = {isa = PBXBuildFile; fileRef = 180E8CA32A0DF8A5000F11AC /* Preview Assets.xcassets */; };
		180E8CA72A0DF8A5000F11AC /* WatchApp Watch App.app in Embed Watch Content */ = {isa = PBXBuildFile; fileRef = 180E8C9A2A0DF8A4000F11AC /* WatchApp Watch App.app */; settings = {ATTRIBUTES = (RemoveHeadersOnCopy, ); }; };
		1841C1FF2A0CF91700C24B7C /* AppDelegate.swift in Sources */ = {isa = PBXBuildFile; fileRef = 1841C1FE2A0CF91700C24B7C /* AppDelegate.swift */; };
		1841C2012A0CF91700C24B7C /* SceneDelegate.swift in Sources */ = {isa = PBXBuildFile; fileRef = 1841C2002A0CF91700C24B7C /* SceneDelegate.swift */; };
		1841C2032A0CF91700C24B7C /* ViewController.swift in Sources */ = {isa = PBXBuildFile; fileRef = 1841C2022A0CF91700C24B7C /* ViewController.swift */; };
		1841C2062A0CF91700C24B7C /* Main.storyboard in Resources */ = {isa = PBXBuildFile; fileRef = 1841C2042A0CF91700C24B7C /* Main.storyboard */; };
		1841C2082A0CF91800C24B7C /* Assets.xcassets in Resources */ = {isa = PBXBuildFile; fileRef = 1841C2072A0CF91800C24B7C /* Assets.xcassets */; };
		1841C20B2A0CF91800C24B7C /* LaunchScreen.storyboard in Resources */ = {isa = PBXBuildFile; fileRef = 1841C2092A0CF91800C24B7C /* LaunchScreen.storyboard */; };
		184C2C912A0E1A5700B1DE35 /* ContentView.swift in Sources */ = {isa = PBXBuildFile; fileRef = 180E8C9E2A0DF8A4000F11AC /* ContentView.swift */; };
		29DBD37B2EB88DD914B7288C /* Pods_WormholeExample.framework in Frameworks */ = {isa = PBXBuildFile; fileRef = C08AAAC1C1BF0F4D51768FDA /* Pods_WormholeExample.framework */; };
		2A0A7DC8A708DD5DC57462B3 /* Pods_WormholeExample.framework in Frameworks */ = {isa = PBXBuildFile; fileRef = 18C8CC2A2A0E01CB00BBB3D8 /* Pods_WormholeExample.framework */; };
		E5DC0696A5EC44D231EDD7E8 /* Pods_WatchApp_Watch_App.framework in Frameworks */ = {isa = PBXBuildFile; fileRef = 54BEBD5E80E21435F3099D97 /* Pods_WatchApp_Watch_App.framework */; };
/* End PBXBuildFile section */

/* Begin PBXContainerItemProxy section */
		180E8CA52A0DF8A5000F11AC /* PBXContainerItemProxy */ = {
			isa = PBXContainerItemProxy;
			containerPortal = 1841C1F32A0CF91700C24B7C /* Project object */;
			proxyType = 1;
			remoteGlobalIDString = 180E8C992A0DF8A4000F11AC;
			remoteInfo = "WatchApp Watch App";
		};
/* End PBXContainerItemProxy section */

/* Begin PBXCopyFilesBuildPhase section */
		180E8CA82A0DF8A6000F11AC /* Embed Watch Content */ = {
			isa = PBXCopyFilesBuildPhase;
			buildActionMask = 2147483647;
			dstPath = "$(CONTENTS_FOLDER_PATH)/Watch";
			dstSubfolderSpec = 16;
			files = (
				180E8CA72A0DF8A5000F11AC /* WatchApp Watch App.app in Embed Watch Content */,
			);
			name = "Embed Watch Content";
			runOnlyForDeploymentPostprocessing = 0;
		};
/* End PBXCopyFilesBuildPhase section */

/* Begin PBXFileReference section */
		011D40FCE9FBF8F934332AAC /* Pods-WormholeExample.release.xcconfig */ = {isa = PBXFileReference; includeInIndex = 1; lastKnownFileType = text.xcconfig; name = "Pods-WormholeExample.release.xcconfig"; path = "Target Support Files/Pods-WormholeExample/Pods-WormholeExample.release.xcconfig"; sourceTree = "<group>"; };
		180E8C9A2A0DF8A4000F11AC /* WatchApp Watch App.app */ = {isa = PBXFileReference; explicitFileType = wrapper.application; includeInIndex = 0; path = "WatchApp Watch App.app"; sourceTree = BUILT_PRODUCTS_DIR; };
		180E8C9C2A0DF8A4000F11AC /* WatchAppApp.swift */ = {isa = PBXFileReference; lastKnownFileType = sourcecode.swift; path = WatchAppApp.swift; sourceTree = "<group>"; };
		180E8C9E2A0DF8A4000F11AC /* ContentView.swift */ = {isa = PBXFileReference; lastKnownFileType = sourcecode.swift; path = ContentView.swift; sourceTree = "<group>"; };
		180E8CA02A0DF8A5000F11AC /* Assets.xcassets */ = {isa = PBXFileReference; lastKnownFileType = folder.assetcatalog; path = Assets.xcassets; sourceTree = "<group>"; };
		180E8CA32A0DF8A5000F11AC /* Preview Assets.xcassets */ = {isa = PBXFileReference; lastKnownFileType = folder.assetcatalog; path = "Preview Assets.xcassets"; sourceTree = "<group>"; };
		180E8CAC2A0DF8D6000F11AC /* WatchApp Watch App.entitlements */ = {isa = PBXFileReference; lastKnownFileType = text.plist.entitlements; path = "WatchApp Watch App.entitlements"; sourceTree = "<group>"; };
		1841C1FB2A0CF91700C24B7C /* WormholeExample.app */ = {isa = PBXFileReference; explicitFileType = wrapper.application; includeInIndex = 0; path = WormholeExample.app; sourceTree = BUILT_PRODUCTS_DIR; };
		1841C1FE2A0CF91700C24B7C /* AppDelegate.swift */ = {isa = PBXFileReference; lastKnownFileType = sourcecode.swift; path = AppDelegate.swift; sourceTree = "<group>"; };
		1841C2002A0CF91700C24B7C /* SceneDelegate.swift */ = {isa = PBXFileReference; lastKnownFileType = sourcecode.swift; path = SceneDelegate.swift; sourceTree = "<group>"; };
		1841C2022A0CF91700C24B7C /* ViewController.swift */ = {isa = PBXFileReference; lastKnownFileType = sourcecode.swift; path = ViewController.swift; sourceTree = "<group>"; };
		1841C2052A0CF91700C24B7C /* Base */ = {isa = PBXFileReference; lastKnownFileType = file.storyboard; name = Base; path = Base.lproj/Main.storyboard; sourceTree = "<group>"; };
		1841C2072A0CF91800C24B7C /* Assets.xcassets */ = {isa = PBXFileReference; lastKnownFileType = folder.assetcatalog; path = Assets.xcassets; sourceTree = "<group>"; };
		1841C20A2A0CF91800C24B7C /* Base */ = {isa = PBXFileReference; lastKnownFileType = file.storyboard; name = Base; path = Base.lproj/LaunchScreen.storyboard; sourceTree = "<group>"; };
		1841C20C2A0CF91800C24B7C /* Info.plist */ = {isa = PBXFileReference; lastKnownFileType = text.plist.xml; path = Info.plist; sourceTree = "<group>"; };
		1841C2122A0CF99000C24B7C /* WormholeExample.entitlements */ = {isa = PBXFileReference; lastKnownFileType = text.plist.entitlements; path = WormholeExample.entitlements; sourceTree = "<group>"; };
		18C8CC262A0E01BD00BBB3D8 /* MMWormhole.framework */ = {isa = PBXFileReference; explicitFileType = wrapper.framework; path = MMWormhole.framework; sourceTree = BUILT_PRODUCTS_DIR; };
		18C8CC2A2A0E01CB00BBB3D8 /* Pods_WormholeExample.framework */ = {isa = PBXFileReference; explicitFileType = wrapper.framework; path = Pods_WormholeExample.framework; sourceTree = BUILT_PRODUCTS_DIR; };
		2E5F9C835282C9F422648280 /* Pods-WormholeExample.debug.xcconfig */ = {isa = PBXFileReference; includeInIndex = 1; lastKnownFileType = text.xcconfig; name = "Pods-WormholeExample.debug.xcconfig"; path = "Target Support Files/Pods-WormholeExample/Pods-WormholeExample.debug.xcconfig"; sourceTree = "<group>"; };
		30171B7B230F50D8B903C60A /* Pods-WatchApp Watch App.release.xcconfig */ = {isa = PBXFileReference; includeInIndex = 1; lastKnownFileType = text.xcconfig; name = "Pods-WatchApp Watch App.release.xcconfig"; path = "Target Support Files/Pods-WatchApp Watch App/Pods-WatchApp Watch App.release.xcconfig"; sourceTree = "<group>"; };
		54BEBD5E80E21435F3099D97 /* Pods_WatchApp_Watch_App.framework */ = {isa = PBXFileReference; explicitFileType = wrapper.framework; includeInIndex = 0; path = Pods_WatchApp_Watch_App.framework; sourceTree = BUILT_PRODUCTS_DIR; };
		86F159186569C327C8C3913F /* Pods-WatchApp Watch App.debug.xcconfig */ = {isa = PBXFileReference; includeInIndex = 1; lastKnownFileType = text.xcconfig; name = "Pods-WatchApp Watch App.debug.xcconfig"; path = "Target Support Files/Pods-WatchApp Watch App/Pods-WatchApp Watch App.debug.xcconfig"; sourceTree = "<group>"; };
		C08AAAC1C1BF0F4D51768FDA /* Pods_WormholeExample.framework */ = {isa = PBXFileReference; explicitFileType = wrapper.framework; includeInIndex = 0; path = Pods_WormholeExample.framework; sourceTree = BUILT_PRODUCTS_DIR; };
/* End PBXFileReference section */

/* Begin PBXFrameworksBuildPhase section */
		180E8C972A0DF8A4000F11AC /* Frameworks */ = {
			isa = PBXFrameworksBuildPhase;
			buildActionMask = 2147483647;
			files = (
				E5DC0696A5EC44D231EDD7E8 /* Pods_WatchApp_Watch_App.framework in Frameworks */,
			);
			runOnlyForDeploymentPostprocessing = 0;
		};
		1841C1F82A0CF91700C24B7C /* Frameworks */ = {
			isa = PBXFrameworksBuildPhase;
			buildActionMask = 2147483647;
			files = (
				29DBD37B2EB88DD914B7288C /* Pods_WormholeExample.framework in Frameworks */,
				2A0A7DC8A708DD5DC57462B3 /* Pods_WormholeExample.framework in Frameworks */,
			);
			runOnlyForDeploymentPostprocessing = 0;
		};
/* End PBXFrameworksBuildPhase section */

/* Begin PBXGroup section */
		180E8C9B2A0DF8A4000F11AC /* WatchApp Watch App */ = {
			isa = PBXGroup;
			children = (
				180E8CAC2A0DF8D6000F11AC /* WatchApp Watch App.entitlements */,
				180E8C9C2A0DF8A4000F11AC /* WatchAppApp.swift */,
				180E8C9E2A0DF8A4000F11AC /* ContentView.swift */,
				180E8CA02A0DF8A5000F11AC /* Assets.xcassets */,
				180E8CA22A0DF8A5000F11AC /* Preview Content */,
			);
			path = "WatchApp Watch App";
			sourceTree = "<group>";
		};
		180E8CA22A0DF8A5000F11AC /* Preview Content */ = {
			isa = PBXGroup;
			children = (
				180E8CA32A0DF8A5000F11AC /* Preview Assets.xcassets */,
			);
			path = "Preview Content";
			sourceTree = "<group>";
		};
		1841C1F22A0CF91700C24B7C = {
			isa = PBXGroup;
			children = (
				1841C1FD2A0CF91700C24B7C /* WormholeExample */,
				180E8C9B2A0DF8A4000F11AC /* WatchApp Watch App */,
				1841C1FC2A0CF91700C24B7C /* Products */,
				A931F9C94877C64389B3D5A7 /* Pods */,
				F23FE9B2F8C43AF07FA349FD /* Frameworks */,
			);
			sourceTree = "<group>";
		};
		1841C1FC2A0CF91700C24B7C /* Products */ = {
			isa = PBXGroup;
			children = (
				1841C1FB2A0CF91700C24B7C /* WormholeExample.app */,
				180E8C9A2A0DF8A4000F11AC /* WatchApp Watch App.app */,
			);
			name = Products;
			sourceTree = "<group>";
		};
		1841C1FD2A0CF91700C24B7C /* WormholeExample */ = {
			isa = PBXGroup;
			children = (
				1841C2122A0CF99000C24B7C /* WormholeExample.entitlements */,
				1841C1FE2A0CF91700C24B7C /* AppDelegate.swift */,
				1841C2002A0CF91700C24B7C /* SceneDelegate.swift */,
				1841C2022A0CF91700C24B7C /* ViewController.swift */,
				1841C2042A0CF91700C24B7C /* Main.storyboard */,
				1841C2072A0CF91800C24B7C /* Assets.xcassets */,
				1841C2092A0CF91800C24B7C /* LaunchScreen.storyboard */,
				1841C20C2A0CF91800C24B7C /* Info.plist */,
			);
			path = WormholeExample;
			sourceTree = "<group>";
		};
		A931F9C94877C64389B3D5A7 /* Pods */ = {
			isa = PBXGroup;
			children = (
				2E5F9C835282C9F422648280 /* Pods-WormholeExample.debug.xcconfig */,
				011D40FCE9FBF8F934332AAC /* Pods-WormholeExample.release.xcconfig */,
				86F159186569C327C8C3913F /* Pods-WatchApp Watch App.debug.xcconfig */,
				30171B7B230F50D8B903C60A /* Pods-WatchApp Watch App.release.xcconfig */,
			);
			path = Pods;
			sourceTree = "<group>";
		};
		F23FE9B2F8C43AF07FA349FD /* Frameworks */ = {
			isa = PBXGroup;
			children = (
				18C8CC2A2A0E01CB00BBB3D8 /* Pods_WormholeExample.framework */,
				18C8CC262A0E01BD00BBB3D8 /* MMWormhole.framework */,
				C08AAAC1C1BF0F4D51768FDA /* Pods_WormholeExample.framework */,
				54BEBD5E80E21435F3099D97 /* Pods_WatchApp_Watch_App.framework */,
			);
			name = Frameworks;
			sourceTree = "<group>";
		};
/* End PBXGroup section */

/* Begin PBXNativeTarget section */
		180E8C992A0DF8A4000F11AC /* WatchApp Watch App */ = {
			isa = PBXNativeTarget;
			buildConfigurationList = 180E8CAB2A0DF8A6000F11AC /* Build configuration list for PBXNativeTarget "WatchApp Watch App" */;
			buildPhases = (
				3814B74E41A894336317BD72 /* [CP] Check Pods Manifest.lock */,
				180E8C962A0DF8A4000F11AC /* Sources */,
				180E8C972A0DF8A4000F11AC /* Frameworks */,
				180E8C982A0DF8A4000F11AC /* Resources */,
				7BC34CE224A95A5B8A5FA132 /* [CP] Embed Pods Frameworks */,
			);
			buildRules = (
			);
			dependencies = (
			);
			name = "WatchApp Watch App";
			productName = "WatchApp Watch App";
			productReference = 180E8C9A2A0DF8A4000F11AC /* WatchApp Watch App.app */;
			productType = "com.apple.product-type.application";
		};
		1841C1FA2A0CF91700C24B7C /* WormholeExample */ = {
			isa = PBXNativeTarget;
			buildConfigurationList = 1841C20F2A0CF91900C24B7C /* Build configuration list for PBXNativeTarget "WormholeExample" */;
			buildPhases = (
				987A6A31ECC7D842DF8E8CAD /* [CP] Check Pods Manifest.lock */,
				1841C1F72A0CF91700C24B7C /* Sources */,
				1841C1F82A0CF91700C24B7C /* Frameworks */,
				1841C1F92A0CF91700C24B7C /* Resources */,
				180E8CA82A0DF8A6000F11AC /* Embed Watch Content */,
				3EC36054335CFFCB259756B7 /* [CP] Embed Pods Frameworks */,
			);
			buildRules = (
			);
			dependencies = (
				180E8CA62A0DF8A5000F11AC /* PBXTargetDependency */,
			);
			name = WormholeExample;
			productName = WormholeExample;
			productReference = 1841C1FB2A0CF91700C24B7C /* WormholeExample.app */;
			productType = "com.apple.product-type.application";
		};
/* End PBXNativeTarget section */

/* Begin PBXProject section */
		1841C1F32A0CF91700C24B7C /* Project object */ = {
			isa = PBXProject;
			attributes = {
				BuildIndependentTargetsInParallel = 1;
				LastSwiftUpdateCheck = 1420;
				LastUpgradeCheck = 1420;
				TargetAttributes = {
					180E8C992A0DF8A4000F11AC = {
						CreatedOnToolsVersion = 14.2;
					};
					1841C1FA2A0CF91700C24B7C = {
						CreatedOnToolsVersion = 14.2;
					};
				};
			};
			buildConfigurationList = 1841C1F62A0CF91700C24B7C /* Build configuration list for PBXProject "WormholeExample" */;
			compatibilityVersion = "Xcode 14.0";
			developmentRegion = en;
			hasScannedForEncodings = 0;
			knownRegions = (
				en,
				Base,
			);
			mainGroup = 1841C1F22A0CF91700C24B7C;
			productRefGroup = 1841C1FC2A0CF91700C24B7C /* Products */;
			projectDirPath = "";
			projectRoot = "";
			targets = (
				1841C1FA2A0CF91700C24B7C /* WormholeExample */,
				180E8C992A0DF8A4000F11AC /* WatchApp Watch App */,
			);
		};
/* End PBXProject section */

/* Begin PBXResourcesBuildPhase section */
		180E8C982A0DF8A4000F11AC /* Resources */ = {
			isa = PBXResourcesBuildPhase;
			buildActionMask = 2147483647;
			files = (
				180E8CA42A0DF8A5000F11AC /* Preview Assets.xcassets in Resources */,
				180E8CA12A0DF8A5000F11AC /* Assets.xcassets in Resources */,
			);
			runOnlyForDeploymentPostprocessing = 0;
		};
		1841C1F92A0CF91700C24B7C /* Resources */ = {
			isa = PBXResourcesBuildPhase;
			buildActionMask = 2147483647;
			files = (
				1841C20B2A0CF91800C24B7C /* LaunchScreen.storyboard in Resources */,
				1841C2082A0CF91800C24B7C /* Assets.xcassets in Resources */,
				1841C2062A0CF91700C24B7C /* Main.storyboard in Resources */,
			);
			runOnlyForDeploymentPostprocessing = 0;
		};
/* End PBXResourcesBuildPhase section */

/* Begin PBXShellScriptBuildPhase section */
		3814B74E41A894336317BD72 /* [CP] Check Pods Manifest.lock */ = {
			isa = PBXShellScriptBuildPhase;
			buildActionMask = 2147483647;
			files = (
			);
			inputFileListPaths = (
			);
			inputPaths = (
				"${PODS_PODFILE_DIR_PATH}/Podfile.lock",
				"${PODS_ROOT}/Manifest.lock",
			);
			name = "[CP] Check Pods Manifest.lock";
			outputFileListPaths = (
			);
			outputPaths = (
				"$(DERIVED_FILE_DIR)/Pods-WatchApp Watch App-checkManifestLockResult.txt",
			);
			runOnlyForDeploymentPostprocessing = 0;
			shellPath = /bin/sh;
			shellScript = "diff \"${PODS_PODFILE_DIR_PATH}/Podfile.lock\" \"${PODS_ROOT}/Manifest.lock\" > /dev/null\nif [ $? != 0 ] ; then\n    # print error to STDERR\n    echo \"error: The sandbox is not in sync with the Podfile.lock. Run 'pod install' or update your CocoaPods installation.\" >&2\n    exit 1\nfi\n# This output is used by Xcode 'outputs' to avoid re-running this script phase.\necho \"SUCCESS\" > \"${SCRIPT_OUTPUT_FILE_0}\"\n";
			showEnvVarsInLog = 0;
		};
		3EC36054335CFFCB259756B7 /* [CP] Embed Pods Frameworks */ = {
			isa = PBXShellScriptBuildPhase;
			buildActionMask = 2147483647;
			files = (
			);
			inputFileListPaths = (
				"${PODS_ROOT}/Target Support Files/Pods-WormholeExample/Pods-WormholeExample-frameworks-${CONFIGURATION}-input-files.xcfilelist",
			);
			name = "[CP] Embed Pods Frameworks";
			outputFileListPaths = (
				"${PODS_ROOT}/Target Support Files/Pods-WormholeExample/Pods-WormholeExample-frameworks-${CONFIGURATION}-output-files.xcfilelist",
			);
			runOnlyForDeploymentPostprocessing = 0;
			shellPath = /bin/sh;
			shellScript = "\"${PODS_ROOT}/Target Support Files/Pods-WormholeExample/Pods-WormholeExample-frameworks.sh\"\n";
			showEnvVarsInLog = 0;
		};
		7BC34CE224A95A5B8A5FA132 /* [CP] Embed Pods Frameworks */ = {
			isa = PBXShellScriptBuildPhase;
			buildActionMask = 2147483647;
			files = (
			);
			inputFileListPaths = (
				"${PODS_ROOT}/Target Support Files/Pods-WatchApp Watch App/Pods-WatchApp Watch App-frameworks-${CONFIGURATION}-input-files.xcfilelist",
			);
			name = "[CP] Embed Pods Frameworks";
			outputFileListPaths = (
				"${PODS_ROOT}/Target Support Files/Pods-WatchApp Watch App/Pods-WatchApp Watch App-frameworks-${CONFIGURATION}-output-files.xcfilelist",
			);
			runOnlyForDeploymentPostprocessing = 0;
			shellPath = /bin/sh;
			shellScript = "\"${PODS_ROOT}/Target Support Files/Pods-WatchApp Watch App/Pods-WatchApp Watch App-frameworks.sh\"\n";
			showEnvVarsInLog = 0;
		};
		987A6A31ECC7D842DF8E8CAD /* [CP] Check Pods Manifest.lock */ = {
			isa = PBXShellScriptBuildPhase;
			buildActionMask = 2147483647;
			files = (
			);
			inputFileListPaths = (
			);
			inputPaths = (
				"${PODS_PODFILE_DIR_PATH}/Podfile.lock",
				"${PODS_ROOT}/Manifest.lock",
			);
			name = "[CP] Check Pods Manifest.lock";
			outputFileListPaths = (
			);
			outputPaths = (
				"$(DERIVED_FILE_DIR)/Pods-WormholeExample-checkManifestLockResult.txt",
			);
			runOnlyForDeploymentPostprocessing = 0;
			shellPath = /bin/sh;
			shellScript = "diff \"${PODS_PODFILE_DIR_PATH}/Podfile.lock\" \"${PODS_ROOT}/Manifest.lock\" > /dev/null\nif [ $? != 0 ] ; then\n    # print error to STDERR\n    echo \"error: The sandbox is not in sync with the Podfile.lock. Run 'pod install' or update your CocoaPods installation.\" >&2\n    exit 1\nfi\n# This output is used by Xcode 'outputs' to avoid re-running this script phase.\necho \"SUCCESS\" > \"${SCRIPT_OUTPUT_FILE_0}\"\n";
			showEnvVarsInLog = 0;
		};
/* End PBXShellScriptBuildPhase section */

/* Begin PBXSourcesBuildPhase section */
		180E8C962A0DF8A4000F11AC /* Sources */ = {
			isa = PBXSourcesBuildPhase;
			buildActionMask = 2147483647;
			files = (
				184C2C912A0E1A5700B1DE35 /* ContentView.swift in Sources */,
				180E8C9D2A0DF8A4000F11AC /* WatchAppApp.swift in Sources */,
			);
			runOnlyForDeploymentPostprocessing = 0;
		};
		1841C1F72A0CF91700C24B7C /* Sources */ = {
			isa = PBXSourcesBuildPhase;
			buildActionMask = 2147483647;
			files = (
				1841C2032A0CF91700C24B7C /* ViewController.swift in Sources */,
				1841C1FF2A0CF91700C24B7C /* AppDelegate.swift in Sources */,
				1841C2012A0CF91700C24B7C /* SceneDelegate.swift in Sources */,
			);
			runOnlyForDeploymentPostprocessing = 0;
		};
/* End PBXSourcesBuildPhase section */

/* Begin PBXTargetDependency section */
		180E8CA62A0DF8A5000F11AC /* PBXTargetDependency */ = {
			isa = PBXTargetDependency;
			target = 180E8C992A0DF8A4000F11AC /* WatchApp Watch App */;
			targetProxy = 180E8CA52A0DF8A5000F11AC /* PBXContainerItemProxy */;
		};
/* End PBXTargetDependency section */

/* Begin PBXVariantGroup section */
		1841C2042A0CF91700C24B7C /* Main.storyboard */ = {
			isa = PBXVariantGroup;
			children = (
				1841C2052A0CF91700C24B7C /* Base */,
			);
			name = Main.storyboard;
			sourceTree = "<group>";
		};
		1841C2092A0CF91800C24B7C /* LaunchScreen.storyboard */ = {
			isa = PBXVariantGroup;
			children = (
				1841C20A2A0CF91800C24B7C /* Base */,
			);
			name = LaunchScreen.storyboard;
			sourceTree = "<group>";
		};
/* End PBXVariantGroup section */

/* Begin XCBuildConfiguration section */
		180E8CA92A0DF8A6000F11AC /* Debug */ = {
			isa = XCBuildConfiguration;
			baseConfigurationReference = 86F159186569C327C8C3913F /* Pods-WatchApp Watch App.debug.xcconfig */;
			buildSettings = {
				ASSETCATALOG_COMPILER_APPICON_NAME = AppIcon;
				ASSETCATALOG_COMPILER_GLOBAL_ACCENT_COLOR_NAME = AccentColor;
				CODE_SIGN_ENTITLEMENTS = "WatchApp Watch App/WatchApp Watch App.entitlements";
				CODE_SIGN_STYLE = Automatic;
				CURRENT_PROJECT_VERSION = 1;
				DEVELOPMENT_ASSET_PATHS = "\"WatchApp Watch App/Preview Content\"";
				DEVELOPMENT_TEAM = ZJL32KA22U;
				ENABLE_PREVIEWS = YES;
				GENERATE_INFOPLIST_FILE = YES;
				INFOPLIST_KEY_CFBundleDisplayName = WatchApp;
				INFOPLIST_KEY_UISupportedInterfaceOrientations = "UIInterfaceOrientationPortrait UIInterfaceOrientationPortraitUpsideDown";
				INFOPLIST_KEY_WKCompanionAppBundleIdentifier = com.sclera.WormholeExample;
				LD_RUNPATH_SEARCH_PATHS = (
					"$(inherited)",
					"@executable_path/Frameworks",
				);
				MARKETING_VERSION = 1.0;
				PRODUCT_BUNDLE_IDENTIFIER = com.sclera.WormholeExample.watchkitapp;
				PRODUCT_NAME = "$(TARGET_NAME)";
				SDKROOT = watchos;
				SKIP_INSTALL = YES;
				SWIFT_EMIT_LOC_STRINGS = YES;
				SWIFT_VERSION = 5.0;
				TARGETED_DEVICE_FAMILY = 4;
				WATCHOS_DEPLOYMENT_TARGET = 9.1;
			};
			name = Debug;
		};
		180E8CAA2A0DF8A6000F11AC /* Release */ = {
			isa = XCBuildConfiguration;
			baseConfigurationReference = 30171B7B230F50D8B903C60A /* Pods-WatchApp Watch App.release.xcconfig */;
			buildSettings = {
				ASSETCATALOG_COMPILER_APPICON_NAME = AppIcon;
				ASSETCATALOG_COMPILER_GLOBAL_ACCENT_COLOR_NAME = AccentColor;
				CODE_SIGN_ENTITLEMENTS = "WatchApp Watch App/WatchApp Watch App.entitlements";
				CODE_SIGN_STYLE = Automatic;
				CURRENT_PROJECT_VERSION = 1;
				DEVELOPMENT_ASSET_PATHS = "\"WatchApp Watch App/Preview Content\"";
				DEVELOPMENT_TEAM = ZJL32KA22U;
				ENABLE_PREVIEWS = YES;
				GENERATE_INFOPLIST_FILE = YES;
				INFOPLIST_KEY_CFBundleDisplayName = WatchApp;
				INFOPLIST_KEY_UISupportedInterfaceOrientations = "UIInterfaceOrientationPortrait UIInterfaceOrientationPortraitUpsideDown";
				INFOPLIST_KEY_WKCompanionAppBundleIdentifier = com.sclera.WormholeExample;
				LD_RUNPATH_SEARCH_PATHS = (
					"$(inherited)",
					"@executable_path/Frameworks",
				);
				MARKETING_VERSION = 1.0;
				PRODUCT_BUNDLE_IDENTIFIER = com.sclera.WormholeExample.watchkitapp;
				PRODUCT_NAME = "$(TARGET_NAME)";
				SDKROOT = watchos;
				SKIP_INSTALL = YES;
				SWIFT_EMIT_LOC_STRINGS = YES;
				SWIFT_VERSION = 5.0;
				TARGETED_DEVICE_FAMILY = 4;
				WATCHOS_DEPLOYMENT_TARGET = 9.1;
			};
			name = Release;
		};
		1841C20D2A0CF91900C24B7C /* Debug */ = {
			isa = XCBuildConfiguration;
			buildSettings = {
				ALWAYS_SEARCH_USER_PATHS = NO;
				CLANG_ANALYZER_NONNULL = YES;
				CLANG_ANALYZER_NUMBER_OBJECT_CONVERSION = YES_AGGRESSIVE;
				CLANG_CXX_LANGUAGE_STANDARD = "gnu++20";
				CLANG_ENABLE_MODULES = YES;
				CLANG_ENABLE_OBJC_ARC = YES;
				CLANG_ENABLE_OBJC_WEAK = YES;
				CLANG_WARN_BLOCK_CAPTURE_AUTORELEASING = YES;
				CLANG_WARN_BOOL_CONVERSION = YES;
				CLANG_WARN_COMMA = YES;
				CLANG_WARN_CONSTANT_CONVERSION = YES;
				CLANG_WARN_DEPRECATED_OBJC_IMPLEMENTATIONS = YES;
				CLANG_WARN_DIRECT_OBJC_ISA_USAGE = YES_ERROR;
				CLANG_WARN_DOCUMENTATION_COMMENTS = YES;
				CLANG_WARN_EMPTY_BODY = YES;
				CLANG_WARN_ENUM_CONVERSION = YES;
				CLANG_WARN_INFINITE_RECURSION = YES;
				CLANG_WARN_INT_CONVERSION = YES;
				CLANG_WARN_NON_LITERAL_NULL_CONVERSION = YES;
				CLANG_WARN_OBJC_IMPLICIT_RETAIN_SELF = YES;
				CLANG_WARN_OBJC_LITERAL_CONVERSION = YES;
				CLANG_WARN_OBJC_ROOT_CLASS = YES_ERROR;
				CLANG_WARN_QUOTED_INCLUDE_IN_FRAMEWORK_HEADER = YES;
				CLANG_WARN_RANGE_LOOP_ANALYSIS = YES;
				CLANG_WARN_STRICT_PROTOTYPES = YES;
				CLANG_WARN_SUSPICIOUS_MOVE = YES;
				CLANG_WARN_UNGUARDED_AVAILABILITY = YES_AGGRESSIVE;
				CLANG_WARN_UNREACHABLE_CODE = YES;
				CLANG_WARN__DUPLICATE_METHOD_MATCH = YES;
				COPY_PHASE_STRIP = NO;
				DEBUG_INFORMATION_FORMAT = dwarf;
				ENABLE_STRICT_OBJC_MSGSEND = YES;
				ENABLE_TESTABILITY = YES;
				GCC_C_LANGUAGE_STANDARD = gnu11;
				GCC_DYNAMIC_NO_PIC = NO;
				GCC_NO_COMMON_BLOCKS = YES;
				GCC_OPTIMIZATION_LEVEL = 0;
				GCC_PREPROCESSOR_DEFINITIONS = (
					"DEBUG=1",
					"$(inherited)",
				);
				GCC_WARN_64_TO_32_BIT_CONVERSION = YES;
				GCC_WARN_ABOUT_RETURN_TYPE = YES_ERROR;
				GCC_WARN_UNDECLARED_SELECTOR = YES;
				GCC_WARN_UNINITIALIZED_AUTOS = YES_AGGRESSIVE;
				GCC_WARN_UNUSED_FUNCTION = YES;
				GCC_WARN_UNUSED_VARIABLE = YES;
				IPHONEOS_DEPLOYMENT_TARGET = 14.0;
				MTL_ENABLE_DEBUG_INFO = INCLUDE_SOURCE;
				MTL_FAST_MATH = YES;
				ONLY_ACTIVE_ARCH = YES;
				SDKROOT = iphoneos;
				SWIFT_ACTIVE_COMPILATION_CONDITIONS = DEBUG;
				SWIFT_OPTIMIZATION_LEVEL = "-Onone";
			};
			name = Debug;
		};
		1841C20E2A0CF91900C24B7C /* Release */ = {
			isa = XCBuildConfiguration;
			buildSettings = {
				ALWAYS_SEARCH_USER_PATHS = NO;
				CLANG_ANALYZER_NONNULL = YES;
				CLANG_ANALYZER_NUMBER_OBJECT_CONVERSION = YES_AGGRESSIVE;
				CLANG_CXX_LANGUAGE_STANDARD = "gnu++20";
				CLANG_ENABLE_MODULES = YES;
				CLANG_ENABLE_OBJC_ARC = YES;
				CLANG_ENABLE_OBJC_WEAK = YES;
				CLANG_WARN_BLOCK_CAPTURE_AUTORELEASING = YES;
				CLANG_WARN_BOOL_CONVERSION = YES;
				CLANG_WARN_COMMA = YES;
				CLANG_WARN_CONSTANT_CONVERSION = YES;
				CLANG_WARN_DEPRECATED_OBJC_IMPLEMENTATIONS = YES;
				CLANG_WARN_DIRECT_OBJC_ISA_USAGE = YES_ERROR;
				CLANG_WARN_DOCUMENTATION_COMMENTS = YES;
				CLANG_WARN_EMPTY_BODY = YES;
				CLANG_WARN_ENUM_CONVERSION = YES;
				CLANG_WARN_INFINITE_RECURSION = YES;
				CLANG_WARN_INT_CONVERSION = YES;
				CLANG_WARN_NON_LITERAL_NULL_CONVERSION = YES;
				CLANG_WARN_OBJC_IMPLICIT_RETAIN_SELF = YES;
				CLANG_WARN_OBJC_LITERAL_CONVERSION = YES;
				CLANG_WARN_OBJC_ROOT_CLASS = YES_ERROR;
				CLANG_WARN_QUOTED_INCLUDE_IN_FRAMEWORK_HEADER = YES;
				CLANG_WARN_RANGE_LOOP_ANALYSIS = YES;
				CLANG_WARN_STRICT_PROTOTYPES = YES;
				CLANG_WARN_SUSPICIOUS_MOVE = YES;
				CLANG_WARN_UNGUARDED_AVAILABILITY = YES_AGGRESSIVE;
				CLANG_WARN_UNREACHABLE_CODE = YES;
				CLANG_WARN__DUPLICATE_METHOD_MATCH = YES;
				COPY_PHASE_STRIP = NO;
				DEBUG_INFORMATION_FORMAT = "dwarf-with-dsym";
				ENABLE_NS_ASSERTIONS = NO;
				ENABLE_STRICT_OBJC_MSGSEND = YES;
				GCC_C_LANGUAGE_STANDARD = gnu11;
				GCC_NO_COMMON_BLOCKS = YES;
				GCC_WARN_64_TO_32_BIT_CONVERSION = YES;
				GCC_WARN_ABOUT_RETURN_TYPE = YES_ERROR;
				GCC_WARN_UNDECLARED_SELECTOR = YES;
				GCC_WARN_UNINITIALIZED_AUTOS = YES_AGGRESSIVE;
				GCC_WARN_UNUSED_FUNCTION = YES;
				GCC_WARN_UNUSED_VARIABLE = YES;
				IPHONEOS_DEPLOYMENT_TARGET = 14.0;
				MTL_ENABLE_DEBUG_INFO = NO;
				MTL_FAST_MATH = YES;
				SDKROOT = iphoneos;
				SWIFT_COMPILATION_MODE = wholemodule;
				SWIFT_OPTIMIZATION_LEVEL = "-O";
				VALIDATE_PRODUCT = YES;
			};
			name = Release;
		};
		1841C2102A0CF91900C24B7C /* Debug */ = {
			isa = XCBuildConfiguration;
			baseConfigurationReference = 2E5F9C835282C9F422648280 /* Pods-WormholeExample.debug.xcconfig */;
			buildSettings = {
				ALWAYS_EMBED_SWIFT_STANDARD_LIBRARIES = YES;
				ASSETCATALOG_COMPILER_APPICON_NAME = AppIcon;
				ASSETCATALOG_COMPILER_GLOBAL_ACCENT_COLOR_NAME = AccentColor;
				CODE_SIGN_ENTITLEMENTS = WormholeExample/WormholeExample.entitlements;
				CODE_SIGN_STYLE = Automatic;
				CURRENT_PROJECT_VERSION = 1;
				DEVELOPMENT_TEAM = ZJL32KA22U;
				GENERATE_INFOPLIST_FILE = YES;
				INFOPLIST_FILE = WormholeExample/Info.plist;
				INFOPLIST_KEY_UIApplicationSupportsIndirectInputEvents = YES;
				INFOPLIST_KEY_UILaunchStoryboardName = LaunchScreen;
				INFOPLIST_KEY_UIMainStoryboardFile = Main;
				INFOPLIST_KEY_UISupportedInterfaceOrientations_iPad = "UIInterfaceOrientationPortrait UIInterfaceOrientationPortraitUpsideDown UIInterfaceOrientationLandscapeLeft UIInterfaceOrientationLandscapeRight";
				INFOPLIST_KEY_UISupportedInterfaceOrientations_iPhone = "UIInterfaceOrientationPortrait UIInterfaceOrientationLandscapeLeft UIInterfaceOrientationLandscapeRight";
				IPHONEOS_DEPLOYMENT_TARGET = 14.0;
				LD_RUNPATH_SEARCH_PATHS = (
					"$(inherited)",
					"@executable_path/Frameworks",
				);
				MARKETING_VERSION = 1.0;
				PRODUCT_BUNDLE_IDENTIFIER = com.sclera.WormholeExample;
				PRODUCT_NAME = "$(TARGET_NAME)";
				SWIFT_EMIT_LOC_STRINGS = YES;
				SWIFT_VERSION = 5.0;
				TARGETED_DEVICE_FAMILY = "1,2";
			};
			name = Debug;
		};
		1841C2112A0CF91900C24B7C /* Release */ = {
			isa = XCBuildConfiguration;
			baseConfigurationReference = 011D40FCE9FBF8F934332AAC /* Pods-WormholeExample.release.xcconfig */;
			buildSettings = {
				ALWAYS_EMBED_SWIFT_STANDARD_LIBRARIES = YES;
				ASSETCATALOG_COMPILER_APPICON_NAME = AppIcon;
				ASSETCATALOG_COMPILER_GLOBAL_ACCENT_COLOR_NAME = AccentColor;
				CODE_SIGN_ENTITLEMENTS = WormholeExample/WormholeExample.entitlements;
				CODE_SIGN_STYLE = Automatic;
				CURRENT_PROJECT_VERSION = 1;
				DEVELOPMENT_TEAM = ZJL32KA22U;
				GENERATE_INFOPLIST_FILE = YES;
				INFOPLIST_FILE = WormholeExample/Info.plist;
				INFOPLIST_KEY_UIApplicationSupportsIndirectInputEvents = YES;
				INFOPLIST_KEY_UILaunchStoryboardName = LaunchScreen;
				INFOPLIST_KEY_UIMainStoryboardFile = Main;
				INFOPLIST_KEY_UISupportedInterfaceOrientations_iPad = "UIInterfaceOrientationPortrait UIInterfaceOrientationPortraitUpsideDown UIInterfaceOrientationLandscapeLeft UIInterfaceOrientationLandscapeRight";
				INFOPLIST_KEY_UISupportedInterfaceOrientations_iPhone = "UIInterfaceOrientationPortrait UIInterfaceOrientationLandscapeLeft UIInterfaceOrientationLandscapeRight";
				IPHONEOS_DEPLOYMENT_TARGET = 14.0;
				LD_RUNPATH_SEARCH_PATHS = (
					"$(inherited)",
					"@executable_path/Frameworks",
				);
				MARKETING_VERSION = 1.0;
				PRODUCT_BUNDLE_IDENTIFIER = com.sclera.WormholeExample;
				PRODUCT_NAME = "$(TARGET_NAME)";
				SWIFT_EMIT_LOC_STRINGS = YES;
				SWIFT_VERSION = 5.0;
				TARGETED_DEVICE_FAMILY = "1,2";
			};
			name = Release;
		};
/* End XCBuildConfiguration section */

/* Begin XCConfigurationList section */
		180E8CAB2A0DF8A6000F11AC /* Build configuration list for PBXNativeTarget "WatchApp Watch App" */ = {
			isa = XCConfigurationList;
			buildConfigurations = (
				180E8CA92A0DF8A6000F11AC /* Debug */,
				180E8CAA2A0DF8A6000F11AC /* Release */,
			);
			defaultConfigurationIsVisible = 0;
			defaultConfigurationName = Release;
		};
		1841C1F62A0CF91700C24B7C /* Build configuration list for PBXProject "WormholeExample" */ = {
			isa = XCConfigurationList;
			buildConfigurations = (
				1841C20D2A0CF91900C24B7C /* Debug */,
				1841C20E2A0CF91900C24B7C /* Release */,
			);
			defaultConfigurationIsVisible = 0;
			defaultConfigurationName = Release;
		};
		1841C20F2A0CF91900C24B7C /* Build configuration list for PBXNativeTarget "WormholeExample" */ = {
			isa = XCConfigurationList;
			buildConfigurations = (
				1841C2102A0CF91900C24B7C /* Debug */,
				1841C2112A0CF91900C24B7C /* Release */,
			);
			defaultConfigurationIsVisible = 0;
			defaultConfigurationName = Release;
		};
/* End XCConfigurationList section */
	};
	rootObject = 1841C1F32A0CF91700C24B7C /* Project object */;
}
